<?xml version="1.0" encoding="utf-8"?>
<Project ToolsVersion="4.0" xmlns="http://schemas.microsoft.com/developer/msbuild/2003">
  <ItemGroup>
    <Filter Include="GameEngine">
      <UniqueIdentifier>{333a9587-8989-45bc-98f2-6b160912cc55}</UniqueIdentifier>
    </Filter>
    <Filter Include="assets">
      <UniqueIdentifier>{9921f4dc-c4ec-4c3d-8372-33a87aa070c5}</UniqueIdentifier>
    </Filter>
    <Filter Include="Frameworks">
      <UniqueIdentifier>{1181a4a3-b4e6-4c39-954a-c007cde7c4e3}</UniqueIdentifier>
    </Filter>
    <Filter Include="GameEngine\ECS">
      <UniqueIdentifier>{7f70a479-d0e7-43d4-9bb8-a7f7a1fb4a3d}</UniqueIdentifier>
    </Filter>
    <Filter Include="assets\characters">
      <UniqueIdentifier>{31384711-ea2a-4dfc-9f33-c0e651293f9e}</UniqueIdentifier>
    </Filter>
    <Filter Include="assets\tiles">
      <UniqueIdentifier>{a671f526-dcab-4a39-b8bb-2edc1274458f}</UniqueIdentifier>
    </Filter>
    <Filter Include="assets\maps">
      <UniqueIdentifier>{3fa88b23-2ad9-4e7b-a290-4e8b5a364a8e}</UniqueIdentifier>
    </Filter>
  </ItemGroup>
  <ItemGroup>
    <ClInclude Include="GameEngine\Game.h">
      <Filter>GameEngine</Filter>
    </ClInclude>
    <ClInclude Include="Frameworks\SDL_config_android.h">
      <Filter>Frameworks</Filter>
    </ClInclude>
    <ClInclude Include="Frameworks\SDL_config_iphoneos.h">
      <Filter>Frameworks</Filter>
    </ClInclude>
    <ClInclude Include="Frameworks\SDL_config_macosx.h">
      <Filter>Frameworks</Filter>
    </ClInclude>
    <ClInclude Include="Frameworks\SDL_config_minimal.h">
      <Filter>Frameworks</Filter>
    </ClInclude>
    <ClInclude Include="Frameworks\SDL_config_pandora.h">
      <Filter>Frameworks</Filter>
    </ClInclude>
    <ClInclude Include="Frameworks\SDL_config_psp.h">
      <Filter>Frameworks</Filter>
    </ClInclude>
    <ClInclude Include="Frameworks\SDL_config_windows.h">
      <Filter>Frameworks</Filter>
    </ClInclude>
    <ClInclude Include="Frameworks\SDL_config_winrt.h">
      <Filter>Frameworks</Filter>
    </ClInclude>
    <ClInclude Include="Frameworks\SDL_config_wiz.h">
      <Filter>Frameworks</Filter>
    </ClInclude>
    <ClInclude Include="Frameworks\SDL_copying.h">
      <Filter>Frameworks</Filter>
    </ClInclude>
    <ClInclude Include="Frameworks\SDL_cpuinfo.h">
      <Filter>Frameworks</Filter>
    </ClInclude>
    <ClInclude Include="Frameworks\SDL_egl.h">
      <Filter>Frameworks</Filter>
    </ClInclude>
    <ClInclude Include="Frameworks\SDL_endian.h">
      <Filter>Frameworks</Filter>
    </ClInclude>
    <ClInclude Include="Frameworks\SDL_error.h">
      <Filter>Frameworks</Filter>
    </ClInclude>
    <ClInclude Include="Frameworks\SDL_events.h">
      <Filter>Frameworks</Filter>
    </ClInclude>
    <ClInclude Include="Frameworks\SDL_filesystem.h">
      <Filter>Frameworks</Filter>
    </ClInclude>
    <ClInclude Include="Frameworks\SDL_gamecontroller.h">
      <Filter>Frameworks</Filter>
    </ClInclude>
    <ClInclude Include="Frameworks\SDL_gesture.h">
      <Filter>Frameworks</Filter>
    </ClInclude>
    <ClInclude Include="Frameworks\SDL_haptic.h">
      <Filter>Frameworks</Filter>
    </ClInclude>
    <ClInclude Include="Frameworks\SDL_hidapi.h">
      <Filter>Frameworks</Filter>
    </ClInclude>
    <ClInclude Include="Frameworks\SDL_hints.h">
      <Filter>Frameworks</Filter>
    </ClInclude>
    <ClInclude Include="Frameworks\SDL_image.h">
      <Filter>Frameworks</Filter>
    </ClInclude>
    <ClInclude Include="Frameworks\SDL_joystick.h">
      <Filter>Frameworks</Filter>
    </ClInclude>
    <ClInclude Include="Frameworks\SDL_keyboard.h">
      <Filter>Frameworks</Filter>
    </ClInclude>
    <ClInclude Include="Frameworks\SDL_keycode.h">
      <Filter>Frameworks</Filter>
    </ClInclude>
    <ClInclude Include="Frameworks\SDL_loadso.h">
      <Filter>Frameworks</Filter>
    </ClInclude>
    <ClInclude Include="Frameworks\SDL_locale.h">
      <Filter>Frameworks</Filter>
    </ClInclude>
    <ClInclude Include="Frameworks\SDL_log.h">
      <Filter>Frameworks</Filter>
    </ClInclude>
    <ClInclude Include="Frameworks\SDL_main.h">
      <Filter>Frameworks</Filter>
    </ClInclude>
    <ClInclude Include="Frameworks\SDL_messagebox.h">
      <Filter>Frameworks</Filter>
    </ClInclude>
    <ClInclude Include="Frameworks\SDL_metal.h">
      <Filter>Frameworks</Filter>
    </ClInclude>
    <ClInclude Include="Frameworks\SDL_misc.h">
      <Filter>Frameworks</Filter>
    </ClInclude>
    <ClInclude Include="Frameworks\SDL_mouse.h">
      <Filter>Frameworks</Filter>
    </ClInclude>
    <ClInclude Include="Frameworks\SDL_mutex.h">
      <Filter>Frameworks</Filter>
    </ClInclude>
    <ClInclude Include="Frameworks\SDL_name.h">
      <Filter>Frameworks</Filter>
    </ClInclude>
    <ClInclude Include="Frameworks\SDL_opengl.h">
      <Filter>Frameworks</Filter>
    </ClInclude>
    <ClInclude Include="Frameworks\SDL_opengl_glext.h">
      <Filter>Frameworks</Filter>
    </ClInclude>
    <ClInclude Include="Frameworks\SDL_opengles.h">
      <Filter>Frameworks</Filter>
    </ClInclude>
    <ClInclude Include="Frameworks\SDL_opengles2.h">
      <Filter>Frameworks</Filter>
    </ClInclude>
    <ClInclude Include="Frameworks\SDL_opengles2_gl2.h">
      <Filter>Frameworks</Filter>
    </ClInclude>
    <ClInclude Include="Frameworks\SDL_opengles2_gl2ext.h">
      <Filter>Frameworks</Filter>
    </ClInclude>
    <ClInclude Include="Frameworks\SDL_opengles2_gl2platform.h">
      <Filter>Frameworks</Filter>
    </ClInclude>
    <ClInclude Include="Frameworks\SDL_opengles2_khrplatform.h">
      <Filter>Frameworks</Filter>
    </ClInclude>
    <ClInclude Include="Frameworks\SDL_pixels.h">
      <Filter>Frameworks</Filter>
    </ClInclude>
    <ClInclude Include="Frameworks\SDL_platform.h">
      <Filter>Frameworks</Filter>
    </ClInclude>
    <ClInclude Include="Frameworks\SDL_power.h">
      <Filter>Frameworks</Filter>
    </ClInclude>
    <ClInclude Include="Frameworks\SDL_quit.h">
      <Filter>Frameworks</Filter>
    </ClInclude>
    <ClInclude Include="Frameworks\SDL_rect.h">
      <Filter>Frameworks</Filter>
    </ClInclude>
    <ClInclude Include="Frameworks\SDL_render.h">
      <Filter>Frameworks</Filter>
    </ClInclude>
    <ClInclude Include="Frameworks\SDL_revision.h">
      <Filter>Frameworks</Filter>
    </ClInclude>
    <ClInclude Include="Frameworks\SDL_rwops.h">
      <Filter>Frameworks</Filter>
    </ClInclude>
    <ClInclude Include="Frameworks\SDL_scancode.h">
      <Filter>Frameworks</Filter>
    </ClInclude>
    <ClInclude Include="Frameworks\SDL_sensor.h">
      <Filter>Frameworks</Filter>
    </ClInclude>
    <ClInclude Include="Frameworks\SDL_shape.h">
      <Filter>Frameworks</Filter>
    </ClInclude>
    <ClInclude Include="Frameworks\SDL_stdinc.h">
      <Filter>Frameworks</Filter>
    </ClInclude>
    <ClInclude Include="Frameworks\SDL_surface.h">
      <Filter>Frameworks</Filter>
    </ClInclude>
    <ClInclude Include="Frameworks\SDL_system.h">
      <Filter>Frameworks</Filter>
    </ClInclude>
    <ClInclude Include="Frameworks\SDL_syswm.h">
      <Filter>Frameworks</Filter>
    </ClInclude>
    <ClInclude Include="Frameworks\SDL_test.h">
      <Filter>Frameworks</Filter>
    </ClInclude>
    <ClInclude Include="Frameworks\SDL_test_assert.h">
      <Filter>Frameworks</Filter>
    </ClInclude>
    <ClInclude Include="Frameworks\SDL_test_common.h">
      <Filter>Frameworks</Filter>
    </ClInclude>
    <ClInclude Include="Frameworks\SDL_test_compare.h">
      <Filter>Frameworks</Filter>
    </ClInclude>
    <ClInclude Include="Frameworks\SDL_test_crc32.h">
      <Filter>Frameworks</Filter>
    </ClInclude>
    <ClInclude Include="Frameworks\SDL_test_font.h">
      <Filter>Frameworks</Filter>
    </ClInclude>
    <ClInclude Include="Frameworks\SDL_test_fuzzer.h">
      <Filter>Frameworks</Filter>
    </ClInclude>
    <ClInclude Include="Frameworks\SDL_test_harness.h">
      <Filter>Frameworks</Filter>
    </ClInclude>
    <ClInclude Include="Frameworks\SDL_test_images.h">
      <Filter>Frameworks</Filter>
    </ClInclude>
    <ClInclude Include="Frameworks\SDL_test_log.h">
      <Filter>Frameworks</Filter>
    </ClInclude>
    <ClInclude Include="Frameworks\SDL_test_md5.h">
      <Filter>Frameworks</Filter>
    </ClInclude>
    <ClInclude Include="Frameworks\SDL_test_memory.h">
      <Filter>Frameworks</Filter>
    </ClInclude>
    <ClInclude Include="Frameworks\SDL_test_random.h">
      <Filter>Frameworks</Filter>
    </ClInclude>
    <ClInclude Include="Frameworks\SDL_thread.h">
      <Filter>Frameworks</Filter>
    </ClInclude>
    <ClInclude Include="Frameworks\SDL_timer.h">
      <Filter>Frameworks</Filter>
    </ClInclude>
    <ClInclude Include="Frameworks\SDL_touch.h">
      <Filter>Frameworks</Filter>
    </ClInclude>
    <ClInclude Include="Frameworks\SDL_types.h">
      <Filter>Frameworks</Filter>
    </ClInclude>
    <ClInclude Include="Frameworks\SDL_version.h">
      <Filter>Frameworks</Filter>
    </ClInclude>
    <ClInclude Include="Frameworks\SDL_video.h">
      <Filter>Frameworks</Filter>
    </ClInclude>
    <ClInclude Include="Frameworks\SDL_vulkan.h">
      <Filter>Frameworks</Filter>
    </ClInclude>
    <ClInclude Include="Frameworks\begin_code.h">
      <Filter>Frameworks</Filter>
    </ClInclude>
    <ClInclude Include="Frameworks\close_code.h">
      <Filter>Frameworks</Filter>
    </ClInclude>
    <ClInclude Include="Frameworks\SDL.h">
      <Filter>Frameworks</Filter>
    </ClInclude>
    <ClInclude Include="Frameworks\SDL_assert.h">
      <Filter>Frameworks</Filter>
    </ClInclude>
    <ClInclude Include="Frameworks\SDL_atomic.h">
      <Filter>Frameworks</Filter>
    </ClInclude>
    <ClInclude Include="Frameworks\SDL_audio.h">
      <Filter>Frameworks</Filter>
    </ClInclude>
    <ClInclude Include="Frameworks\SDL_bits.h">
      <Filter>Frameworks</Filter>
    </ClInclude>
    <ClInclude Include="Frameworks\SDL_blendmode.h">
      <Filter>Frameworks</Filter>
    </ClInclude>
    <ClInclude Include="Frameworks\SDL_clipboard.h">
      <Filter>Frameworks</Filter>
    </ClInclude>
    <ClInclude Include="Frameworks\SDL_config.h">
      <Filter>Frameworks</Filter>
    </ClInclude>
    <ClInclude Include="GameEngine\TextureManager.h">
      <Filter>GameEngine</Filter>
    </ClInclude>
    <ClInclude Include="GameEngine\GameObject.h">
      <Filter>GameEngine</Filter>
    </ClInclude>
    <ClInclude Include="GameEngine\Map.h">
      <Filter>GameEngine</Filter>
    </ClInclude>
    <ClInclude Include="GameEngine\ECS\Components.h">
      <Filter>GameEngine\ECS</Filter>
    </ClInclude>
    <ClInclude Include="GameEngine\ECS\ECS.h">
      <Filter>GameEngine\ECS</Filter>
    </ClInclude>
    <ClInclude Include="GameEngine\ECS\SpriteComponent.h">
      <Filter>GameEngine\ECS</Filter>
    </ClInclude>
    <ClInclude Include="GameEngine\ECS\TransformComponent.h">
      <Filter>GameEngine\ECS</Filter>
    </ClInclude>
    <ClInclude Include="GameEngine\Vector2D.h">
      <Filter>GameEngine</Filter>
    </ClInclude>
    <ClInclude Include="GameEngine\ECS\KeyboardController.h">
      <Filter>GameEngine\ECS</Filter>
    </ClInclude>
    <ClInclude Include="GameEngine\ECS\ColliderComponent.h">
      <Filter>GameEngine\ECS</Filter>
    </ClInclude>
    <ClInclude Include="GameEngine\Collision.h">
      <Filter>GameEngine</Filter>
    </ClInclude>
    <ClInclude Include="GameEngine\ECS\TileComponent.h">
      <Filter>GameEngine\ECS</Filter>
    </ClInclude>
  </ItemGroup>
  <ItemGroup>
    <None Include="libjpeg-9.dll" />
    <None Include="zlib1.dll" />
    <None Include="SDL2_image.dll" />
    <None Include="libwebp-7.dll" />
    <None Include="libtiff-5.dll" />
    <None Include="libpng16-16.dll" />
    <None Include="SDL2.dll" />
    <None Include="Frameworks\SDL_config.h.cmake">
      <Filter>Frameworks</Filter>
    </None>
    <None Include="Frameworks\SDL_config.h.in">
      <Filter>Frameworks</Filter>
    </None>
    <None Include="Frameworks\SDL_config_macosx.h.orig">
      <Filter>Frameworks</Filter>
    </None>
    <None Include="assets\maps\testMap.map">
      <Filter>assets\maps</Filter>
    </None>
  </ItemGroup>
  <ItemGroup>
    <ClCompile Include="GameEngine\Game.cpp">
      <Filter>GameEngine</Filter>
    </ClCompile>
    <ClCompile Include="GameEngine\main.cpp">
      <Filter>GameEngine</Filter>
    </ClCompile>
    <ClCompile Include="GameEngine\TextureManager.cpp">
      <Filter>GameEngine</Filter>
    </ClCompile>
    <ClCompile Include="GameEngine\GameObject.cpp">
      <Filter>GameEngine</Filter>
    </ClCompile>
    <ClCompile Include="GameEngine\Map.cpp">
      <Filter>GameEngine</Filter>
    </ClCompile>
    <ClCompile Include="GameEngine\Vector2D.cpp">
      <Filter>GameEngine</Filter>
    </ClCompile>
    <ClCompile Include="GameEngine\Collision.cpp">
      <Filter>GameEngine</Filter>
    </ClCompile>
    <ClCompile Include="GameEngine\ECS\ECS.cpp">
      <Filter>GameEngine\ECS</Filter>
    </ClCompile>
  </ItemGroup>
  <ItemGroup>
    <Image Include="assets\Tiles\Map_tile_03.png">
      <Filter>assets\tiles</Filter>
    </Image>
    <Image Include="assets\Tiles\Map_tile_04.png">
      <Filter>assets\tiles</Filter>
    </Image>
    <Image Include="assets\Tiles\Map_tile_05.png">
      <Filter>assets\tiles</Filter>
    </Image>
    <Image Include="assets\Tiles\Map_tile_06.png">
      <Filter>assets\tiles</Filter>
    </Image>
    <Image Include="assets\Tiles\Map_tile_07.png">
      <Filter>assets\tiles</Filter>
    </Image>
    <Image Include="assets\Tiles\Map_tile_08.png">
      <Filter>assets\tiles</Filter>
    </Image>
    <Image Include="assets\Tiles\Map_tile_09.png">
      <Filter>assets\tiles</Filter>
    </Image>
    <Image Include="assets\Tiles\Map_tile_10.png">
      <Filter>assets\tiles</Filter>
    </Image>
    <Image Include="assets\Tiles\Map_tile_11.png">
      <Filter>assets\tiles</Filter>
    </Image>
    <Image Include="assets\Tiles\Map_tile_12.png">
      <Filter>assets\tiles</Filter>
    </Image>
    <Image Include="assets\Tiles\Map_tile_13.png">
      <Filter>assets\tiles</Filter>
    </Image>
    <Image Include="assets\Tiles\Map_tile_14.png">
      <Filter>assets\tiles</Filter>
    </Image>
    <Image Include="assets\Tiles\Map_tile_15.png">
      <Filter>assets\tiles</Filter>
    </Image>
    <Image Include="assets\Tiles\Map_tile_16.png">
      <Filter>assets\tiles</Filter>
    </Image>
    <Image Include="assets\Tiles\Map_tile_17.png">
      <Filter>assets\tiles</Filter>
    </Image>
    <Image Include="assets\Tiles\Map_tile_18.png">
      <Filter>assets\tiles</Filter>
    </Image>
    <Image Include="assets\Tiles\Map_tile_19.png">
      <Filter>assets\tiles</Filter>
    </Image>
    <Image Include="assets\Tiles\Map_tile_20.png">
      <Filter>assets\tiles</Filter>
    </Image>
    <Image Include="assets\Tiles\Map_tile_21.png">
      <Filter>assets\tiles</Filter>
    </Image>
    <Image Include="assets\Tiles\Map_tile_22.png">
      <Filter>assets\tiles</Filter>
    </Image>
    <Image Include="assets\Tiles\Map_tile_23.png">
      <Filter>assets\tiles</Filter>
    </Image>
    <Image Include="assets\Tiles\Map_tile_24.png">
      <Filter>assets\tiles</Filter>
    </Image>
    <Image Include="assets\Tiles\Map_tile_25.png">
      <Filter>assets\tiles</Filter>
    </Image>
    <Image Include="assets\Tiles\Map_tile_26.png">
      <Filter>assets\tiles</Filter>
    </Image>
    <Image Include="assets\Tiles\Map_tile_27.png">
      <Filter>assets\tiles</Filter>
    </Image>
    <Image Include="assets\Tiles\Map_tile_28.png">
      <Filter>assets\tiles</Filter>
    </Image>
    <Image Include="assets\Tiles\Map_tile_29.png">
      <Filter>assets\tiles</Filter>
    </Image>
    <Image Include="assets\Tiles\Map_tile_30.png">
      <Filter>assets\tiles</Filter>
    </Image>
    <Image Include="assets\Tiles\Map_tile_31.png">
      <Filter>assets\tiles</Filter>
    </Image>
    <Image Include="assets\Tiles\Map_tile_32.png">
      <Filter>assets\tiles</Filter>
    </Image>
    <Image Include="assets\Tiles\Map_tile_33.png">
      <Filter>assets\tiles</Filter>
    </Image>
    <Image Include="assets\Tiles\Map_tile_34.png">
      <Filter>assets\tiles</Filter>
    </Image>
    <Image Include="assets\Tiles\Map_tile_35.png">
      <Filter>assets\tiles</Filter>
    </Image>
    <Image Include="assets\Tiles\Map_tile_36.png">
      <Filter>assets\tiles</Filter>
    </Image>
    <Image Include="assets\Tiles\Map_tile_37.png">
      <Filter>assets\tiles</Filter>
    </Image>
    <Image Include="assets\Tiles\Map_tile_38.png">
      <Filter>assets\tiles</Filter>
    </Image>
    <Image Include="assets\Tiles\Map_tile_39.png">
      <Filter>assets\tiles</Filter>
    </Image>
    <Image Include="assets\Tiles\Map_tile_40.png">
      <Filter>assets\tiles</Filter>
    </Image>
    <Image Include="assets\Tiles\Map_tile_41.png">
      <Filter>assets\tiles</Filter>
    </Image>
    <Image Include="assets\Tiles\Map_tile_42.png">
      <Filter>assets\tiles</Filter>
    </Image>
    <Image Include="assets\Tiles\Map_tile_43.png">
      <Filter>assets\tiles</Filter>
    </Image>
    <Image Include="assets\Tiles\Map_tile_44.png">
      <Filter>assets\tiles</Filter>
    </Image>
    <Image Include="assets\Tiles\Map_tile_45.png">
      <Filter>assets\tiles</Filter>
    </Image>
    <Image Include="assets\Tiles\Map_tile_46.png">
      <Filter>assets\tiles</Filter>
    </Image>
    <Image Include="assets\Tiles\Map_tile_47.png">
      <Filter>assets\tiles</Filter>
    </Image>
    <Image Include="assets\Tiles\Map_tile_48.png">
      <Filter>assets\tiles</Filter>
    </Image>
    <Image Include="assets\Tiles\Map_tile_49.png">
      <Filter>assets\tiles</Filter>
    </Image>
    <Image Include="assets\Tiles\Map_tile_50.png">
      <Filter>assets\tiles</Filter>
    </Image>
    <Image Include="assets\Tiles\Map_tile_51.png">
      <Filter>assets\tiles</Filter>
    </Image>
    <Image Include="assets\Tiles\Map_tile_52.png">
      <Filter>assets\tiles</Filter>
    </Image>
    <Image Include="assets\Tiles\Map_tile_53.png">
      <Filter>assets\tiles</Filter>
    </Image>
    <Image Include="assets\Tiles\Map_tile_54.png">
      <Filter>assets\tiles</Filter>
    </Image>
    <Image Include="assets\Tiles\Map_tile_55.png">
      <Filter>assets\tiles</Filter>
    </Image>
    <Image Include="assets\Tiles\Map_tile_56.png">
      <Filter>assets\tiles</Filter>
    </Image>
    <Image Include="assets\Tiles\Map_tile_57.png">
      <Filter>assets\tiles</Filter>
    </Image>
    <Image Include="assets\Tiles\Map_tile_58.png">
      <Filter>assets\tiles</Filter>
    </Image>
    <Image Include="assets\Tiles\Map_tile_59.png">
      <Filter>assets\tiles</Filter>
    </Image>
    <Image Include="assets\Tiles\Map_tile_60.png">
      <Filter>assets\tiles</Filter>
    </Image>
    <Image Include="assets\Tiles\Map_tile_61.png">
      <Filter>assets\tiles</Filter>
    </Image>
    <Image Include="assets\Tiles\Map_tile_62.png">
      <Filter>assets\tiles</Filter>
    </Image>
    <Image Include="assets\Tiles\Map_tile_63.png">
      <Filter>assets\tiles</Filter>
    </Image>
    <Image Include="assets\Tiles\Map_tile_64.png">
      <Filter>assets\tiles</Filter>
    </Image>
    <Image Include="assets\Tiles\Map_tile_65.png">
      <Filter>assets\tiles</Filter>
    </Image>
    <Image Include="assets\Tiles\Map_tile_66.png">
      <Filter>assets\tiles</Filter>
    </Image>
    <Image Include="assets\Tiles\Map_tile_67.png">
      <Filter>assets\tiles</Filter>
    </Image>
    <Image Include="assets\Tiles\Map_tile_68.png">
      <Filter>assets\tiles</Filter>
    </Image>
    <Image Include="assets\Tiles\Map_tile_69.png">
      <Filter>assets\tiles</Filter>
    </Image>
    <Image Include="assets\Tiles\Map_tile_70.png">
      <Filter>assets\tiles</Filter>
    </Image>
    <Image Include="assets\Tiles\Map_tile_71.png">
      <Filter>assets\tiles</Filter>
    </Image>
    <Image Include="assets\Tiles\Map_tile_72.png">
      <Filter>assets\tiles</Filter>
    </Image>
    <Image Include="assets\Tiles\Map_tile_73.png">
      <Filter>assets\tiles</Filter>
    </Image>
    <Image Include="assets\Tiles\Map_tile_74.png">
      <Filter>assets\tiles</Filter>
    </Image>
    <Image Include="assets\Tiles\Map_tile_75.png">
      <Filter>assets\tiles</Filter>
    </Image>
    <Image Include="assets\Tiles\Map_tile_76.png">
      <Filter>assets\tiles</Filter>
    </Image>
    <Image Include="assets\Tiles\Map_tile_77.png">
      <Filter>assets\tiles</Filter>
    </Image>
    <Image Include="assets\Tiles\Map_tile_78.png">
      <Filter>assets\tiles</Filter>
    </Image>
    <Image Include="assets\Tiles\Map_tile_79.png">
      <Filter>assets\tiles</Filter>
    </Image>
    <Image Include="assets\Tiles\Map_tile_80.png">
      <Filter>assets\tiles</Filter>
    </Image>
    <Image Include="assets\Tiles\Map_tile_81.png">
      <Filter>assets\tiles</Filter>
    </Image>
    <Image Include="assets\Tiles\Map_tile_82.png">
      <Filter>assets\tiles</Filter>
    </Image>
    <Image Include="assets\Tiles\Map_tile_83.png">
      <Filter>assets\tiles</Filter>
    </Image>
    <Image Include="assets\Tiles\Map_tile_84.png">
      <Filter>assets\tiles</Filter>
    </Image>
    <Image Include="assets\Tiles\Map_tile_85.png">
      <Filter>assets\tiles</Filter>
    </Image>
    <Image Include="assets\Tiles\Map_tile_86.png">
      <Filter>assets\tiles</Filter>
    </Image>
    <Image Include="assets\Tiles\Map_tile_87.png">
      <Filter>assets\tiles</Filter>
    </Image>
    <Image Include="assets\Tiles\Map_tile_88.png">
      <Filter>assets\tiles</Filter>
    </Image>
    <Image Include="assets\Tiles\Map_tile_89.png">
      <Filter>assets\tiles</Filter>
    </Image>
    <Image Include="assets\Tiles\Map_tile_90.png">
      <Filter>assets\tiles</Filter>
    </Image>
    <Image Include="assets\Tiles\Map_tile_91.png">
      <Filter>assets\tiles</Filter>
    </Image>
    <Image Include="assets\Tiles\Map_tile_92.png">
      <Filter>assets\tiles</Filter>
    </Image>
    <Image Include="assets\Tiles\Map_tile_93.png">
      <Filter>assets\tiles</Filter>
    </Image>
    <Image Include="assets\Tiles\Map_tile_94.png">
      <Filter>assets\tiles</Filter>
    </Image>
    <Image Include="assets\Tiles\Map_tile_95.png">
      <Filter>assets\tiles</Filter>
    </Image>
    <Image Include="assets\Tiles\Map_tile_96.png">
      <Filter>assets\tiles</Filter>
    </Image>
    <Image Include="assets\Tiles\Map_tile_97.png">
      <Filter>assets\tiles</Filter>
    </Image>
    <Image Include="assets\Tiles\Map_tile_98.png">
      <Filter>assets\tiles</Filter>
    </Image>
    <Image Include="assets\Tiles\Map_tile_99.png">
      <Filter>assets\tiles</Filter>
    </Image>
    <Image Include="assets\Tiles\Map_tile_100.png">
      <Filter>assets\tiles</Filter>
    </Image>
    <Image Include="assets\Tiles\Map_tile_101.png">
      <Filter>assets\tiles</Filter>
    </Image>
    <Image Include="assets\Tiles\Map_tile_102.png">
      <Filter>assets\tiles</Filter>
    </Image>
    <Image Include="assets\Tiles\Map_tile_103.png">
      <Filter>assets\tiles</Filter>
    </Image>
    <Image Include="assets\Tiles\Map_tile_104.png">
      <Filter>assets\tiles</Filter>
    </Image>
    <Image Include="assets\Tiles\Map_tile_105.png">
      <Filter>assets\tiles</Filter>
    </Image>
    <Image Include="assets\Tiles\Map_tile_106.png">
      <Filter>assets\tiles</Filter>
    </Image>
    <Image Include="assets\Tiles\Map_tile_107.png">
      <Filter>assets\tiles</Filter>
    </Image>
    <Image Include="assets\Tiles\Map_tile_108.png">
      <Filter>assets\tiles</Filter>
    </Image>
    <Image Include="assets\Tiles\Map_tile_109.png">
      <Filter>assets\tiles</Filter>
    </Image>
    <Image Include="assets\Tiles\Map_tile_110.png">
      <Filter>assets\tiles</Filter>
    </Image>
    <Image Include="assets\Tiles\Map_tile_111.png">
      <Filter>assets\tiles</Filter>
    </Image>
    <Image Include="assets\Tiles\Map_tile_112.png">
      <Filter>assets\tiles</Filter>
    </Image>
    <Image Include="assets\Tiles\Map_tile_113.png">
      <Filter>assets\tiles</Filter>
    </Image>
    <Image Include="assets\Tiles\Map_tile_114.png">
      <Filter>assets\tiles</Filter>
    </Image>
    <Image Include="assets\Tiles\Map_tile_115.png">
      <Filter>assets\tiles</Filter>
    </Image>
    <Image Include="assets\Tiles\Map_tile_116.png">
      <Filter>assets\tiles</Filter>
    </Image>
    <Image Include="assets\Tiles\Map_tile_117.png">
      <Filter>assets\tiles</Filter>
    </Image>
    <Image Include="assets\Tiles\Map_tile_118.png">
      <Filter>assets\tiles</Filter>
    </Image>
    <Image Include="assets\Tiles\Map_tile_119.png">
      <Filter>assets\tiles</Filter>
    </Image>
    <Image Include="assets\Tiles\Map_tile_120.png">
      <Filter>assets\tiles</Filter>
    </Image>
    <Image Include="assets\Tiles\Map_tile_121.png">
      <Filter>assets\tiles</Filter>
    </Image>
    <Image Include="assets\Tiles\Map_tile_122.png">
      <Filter>assets\tiles</Filter>
    </Image>
    <Image Include="assets\Tiles\Map_tile_123.png">
      <Filter>assets\tiles</Filter>
    </Image>
    <Image Include="assets\Tiles\Map_tile_124.png">
      <Filter>assets\tiles</Filter>
    </Image>
    <Image Include="assets\Tiles\Map_tile_125.png">
      <Filter>assets\tiles</Filter>
    </Image>
    <Image Include="assets\Tiles\Map_tile_126.png">
      <Filter>assets\tiles</Filter>
    </Image>
    <Image Include="assets\Tiles\Map_tile_127.png">
      <Filter>assets\tiles</Filter>
    </Image>
    <Image Include="assets\Tiles\Map_tile_128.png">
      <Filter>assets\tiles</Filter>
    </Image>
    <Image Include="assets\Tiles\Map_tile_129.png">
      <Filter>assets\tiles</Filter>
    </Image>
    <Image Include="assets\Tiles\Map_tile_130.png">
      <Filter>assets\tiles</Filter>
    </Image>
    <Image Include="assets\Tiles\Map_tile_131.png">
      <Filter>assets\tiles</Filter>
    </Image>
    <Image Include="assets\Tiles\Map_tile_132.png">
      <Filter>assets\tiles</Filter>
    </Image>
    <Image Include="assets\Tiles\Map_tile_133.png">
      <Filter>assets\tiles</Filter>
    </Image>
    <Image Include="assets\Tiles\Map_tile_134.png">
      <Filter>assets\tiles</Filter>
    </Image>
    <Image Include="assets\Tiles\Map_tile_135.png">
      <Filter>assets\tiles</Filter>
    </Image>
    <Image Include="assets\Tiles\Map_tile_136.png">
      <Filter>assets\tiles</Filter>
    </Image>
    <Image Include="assets\Tiles\Map_tile_137.png">
      <Filter>assets\tiles</Filter>
    </Image>
    <Image Include="assets\Tiles\Map_tile_138.png">
      <Filter>assets\tiles</Filter>
    </Image>
    <Image Include="assets\Tiles\Map_tile_139.png">
      <Filter>assets\tiles</Filter>
    </Image>
    <Image Include="assets\Tiles\Map_tile_140.png">
      <Filter>assets\tiles</Filter>
    </Image>
    <Image Include="assets\Tiles\Map_tile_141.png">
      <Filter>assets\tiles</Filter>
    </Image>
    <Image Include="assets\Tiles\Map_tile_142.png">
      <Filter>assets\tiles</Filter>
    </Image>
    <Image Include="assets\Tiles\Map_tile_143.png">
      <Filter>assets\tiles</Filter>
    </Image>
    <Image Include="assets\Tiles\Map_tile_01.png">
      <Filter>assets\tiles</Filter>
    </Image>
    <Image Include="assets\Tiles\Map_tile_02.png">
      <Filter>assets\tiles</Filter>
    </Image>
    <Image Include="assets\Characters\cleric_spritesheet.png">
      <Filter>assets\characters</Filter>
    </Image>
    <Image Include="assets\Characters\ranger_spritesheet.png">
      <Filter>assets\characters</Filter>
    </Image>
    <Image Include="assets\Characters\warrior_spritesheet.png">
      <Filter>assets\characters</Filter>
    </Image>
    <Image Include="assets\Characters\wizard_spritesheet.png">
      <Filter>assets\characters</Filter>
    </Image>
  </ItemGroup>
  <ItemGroup>
    <Library Include="SDL2main.lib" />
    <Library Include="SDL2test.lib" />
    <Library Include="SDL2.lib" />
  </ItemGroup>
</Project>