<?xml version="1.0" encoding="utf-8"?>
<Project ToolsVersion="4.0" xmlns="http://schemas.microsoft.com/developer/msbuild/2003">
  <ItemGroup>
    <Filter Include="GameEngine">
      <UniqueIdentifier>{333a9587-8989-45bc-98f2-6b160912cc55}</UniqueIdentifier>
    </Filter>
    <Filter Include="assets">
      <UniqueIdentifier>{9921f4dc-c4ec-4c3d-8372-33a87aa070c5}</UniqueIdentifier>
    </Filter>
    <Filter Include="Frameworks">
      <UniqueIdentifier>{1181a4a3-b4e6-4c39-954a-c007cde7c4e3}</UniqueIdentifier>
    </Filter>
    <Filter Include="GameEngine\ECS">
      <UniqueIdentifier>{7f70a479-d0e7-43d4-9bb8-a7f7a1fb4a3d}</UniqueIdentifier>
    </Filter>
    <Filter Include="Combat">
      <UniqueIdentifier>{b5c95eca-7a5a-4b50-877b-0e1341cbc481}</UniqueIdentifier>
    </Filter>
  </ItemGroup>
  <ItemGroup>
    <ClInclude Include="GameEngine\Game.h">
      <Filter>GameEngine</Filter>
    </ClInclude>
    <ClInclude Include="Frameworks\SDL_config_android.h">
      <Filter>Frameworks</Filter>
    </ClInclude>
    <ClInclude Include="Frameworks\SDL_config_iphoneos.h">
      <Filter>Frameworks</Filter>
    </ClInclude>
    <ClInclude Include="Frameworks\SDL_config_macosx.h">
      <Filter>Frameworks</Filter>
    </ClInclude>
    <ClInclude Include="Frameworks\SDL_config_minimal.h">
      <Filter>Frameworks</Filter>
    </ClInclude>
    <ClInclude Include="Frameworks\SDL_config_pandora.h">
      <Filter>Frameworks</Filter>
    </ClInclude>
    <ClInclude Include="Frameworks\SDL_config_psp.h">
      <Filter>Frameworks</Filter>
    </ClInclude>
    <ClInclude Include="Frameworks\SDL_config_windows.h">
      <Filter>Frameworks</Filter>
    </ClInclude>
    <ClInclude Include="Frameworks\SDL_config_winrt.h">
      <Filter>Frameworks</Filter>
    </ClInclude>
    <ClInclude Include="Frameworks\SDL_config_wiz.h">
      <Filter>Frameworks</Filter>
    </ClInclude>
    <ClInclude Include="Frameworks\SDL_copying.h">
      <Filter>Frameworks</Filter>
    </ClInclude>
    <ClInclude Include="Frameworks\SDL_cpuinfo.h">
      <Filter>Frameworks</Filter>
    </ClInclude>
    <ClInclude Include="Frameworks\SDL_egl.h">
      <Filter>Frameworks</Filter>
    </ClInclude>
    <ClInclude Include="Frameworks\SDL_endian.h">
      <Filter>Frameworks</Filter>
    </ClInclude>
    <ClInclude Include="Frameworks\SDL_error.h">
      <Filter>Frameworks</Filter>
    </ClInclude>
    <ClInclude Include="Frameworks\SDL_events.h">
      <Filter>Frameworks</Filter>
    </ClInclude>
    <ClInclude Include="Frameworks\SDL_filesystem.h">
      <Filter>Frameworks</Filter>
    </ClInclude>
    <ClInclude Include="Frameworks\SDL_gamecontroller.h">
      <Filter>Frameworks</Filter>
    </ClInclude>
    <ClInclude Include="Frameworks\SDL_gesture.h">
      <Filter>Frameworks</Filter>
    </ClInclude>
    <ClInclude Include="Frameworks\SDL_haptic.h">
      <Filter>Frameworks</Filter>
    </ClInclude>
    <ClInclude Include="Frameworks\SDL_hidapi.h">
      <Filter>Frameworks</Filter>
    </ClInclude>
    <ClInclude Include="Frameworks\SDL_hints.h">
      <Filter>Frameworks</Filter>
    </ClInclude>
    <ClInclude Include="Frameworks\SDL_image.h">
      <Filter>Frameworks</Filter>
    </ClInclude>
    <ClInclude Include="Frameworks\SDL_joystick.h">
      <Filter>Frameworks</Filter>
    </ClInclude>
    <ClInclude Include="Frameworks\SDL_keyboard.h">
      <Filter>Frameworks</Filter>
    </ClInclude>
    <ClInclude Include="Frameworks\SDL_keycode.h">
      <Filter>Frameworks</Filter>
    </ClInclude>
    <ClInclude Include="Frameworks\SDL_loadso.h">
      <Filter>Frameworks</Filter>
    </ClInclude>
    <ClInclude Include="Frameworks\SDL_locale.h">
      <Filter>Frameworks</Filter>
    </ClInclude>
    <ClInclude Include="Frameworks\SDL_log.h">
      <Filter>Frameworks</Filter>
    </ClInclude>
    <ClInclude Include="Frameworks\SDL_main.h">
      <Filter>Frameworks</Filter>
    </ClInclude>
    <ClInclude Include="Frameworks\SDL_messagebox.h">
      <Filter>Frameworks</Filter>
    </ClInclude>
    <ClInclude Include="Frameworks\SDL_metal.h">
      <Filter>Frameworks</Filter>
    </ClInclude>
    <ClInclude Include="Frameworks\SDL_misc.h">
      <Filter>Frameworks</Filter>
    </ClInclude>
    <ClInclude Include="Frameworks\SDL_mouse.h">
      <Filter>Frameworks</Filter>
    </ClInclude>
    <ClInclude Include="Frameworks\SDL_mutex.h">
      <Filter>Frameworks</Filter>
    </ClInclude>
    <ClInclude Include="Frameworks\SDL_name.h">
      <Filter>Frameworks</Filter>
    </ClInclude>
    <ClInclude Include="Frameworks\SDL_opengl.h">
      <Filter>Frameworks</Filter>
    </ClInclude>
    <ClInclude Include="Frameworks\SDL_opengl_glext.h">
      <Filter>Frameworks</Filter>
    </ClInclude>
    <ClInclude Include="Frameworks\SDL_opengles.h">
      <Filter>Frameworks</Filter>
    </ClInclude>
    <ClInclude Include="Frameworks\SDL_opengles2.h">
      <Filter>Frameworks</Filter>
    </ClInclude>
    <ClInclude Include="Frameworks\SDL_opengles2_gl2.h">
      <Filter>Frameworks</Filter>
    </ClInclude>
    <ClInclude Include="Frameworks\SDL_opengles2_gl2ext.h">
      <Filter>Frameworks</Filter>
    </ClInclude>
    <ClInclude Include="Frameworks\SDL_opengles2_gl2platform.h">
      <Filter>Frameworks</Filter>
    </ClInclude>
    <ClInclude Include="Frameworks\SDL_opengles2_khrplatform.h">
      <Filter>Frameworks</Filter>
    </ClInclude>
    <ClInclude Include="Frameworks\SDL_pixels.h">
      <Filter>Frameworks</Filter>
    </ClInclude>
    <ClInclude Include="Frameworks\SDL_platform.h">
      <Filter>Frameworks</Filter>
    </ClInclude>
    <ClInclude Include="Frameworks\SDL_power.h">
      <Filter>Frameworks</Filter>
    </ClInclude>
    <ClInclude Include="Frameworks\SDL_quit.h">
      <Filter>Frameworks</Filter>
    </ClInclude>
    <ClInclude Include="Frameworks\SDL_rect.h">
      <Filter>Frameworks</Filter>
    </ClInclude>
    <ClInclude Include="Frameworks\SDL_render.h">
      <Filter>Frameworks</Filter>
    </ClInclude>
    <ClInclude Include="Frameworks\SDL_revision.h">
      <Filter>Frameworks</Filter>
    </ClInclude>
    <ClInclude Include="Frameworks\SDL_rwops.h">
      <Filter>Frameworks</Filter>
    </ClInclude>
    <ClInclude Include="Frameworks\SDL_scancode.h">
      <Filter>Frameworks</Filter>
    </ClInclude>
    <ClInclude Include="Frameworks\SDL_sensor.h">
      <Filter>Frameworks</Filter>
    </ClInclude>
    <ClInclude Include="Frameworks\SDL_shape.h">
      <Filter>Frameworks</Filter>
    </ClInclude>
    <ClInclude Include="Frameworks\SDL_stdinc.h">
      <Filter>Frameworks</Filter>
    </ClInclude>
    <ClInclude Include="Frameworks\SDL_surface.h">
      <Filter>Frameworks</Filter>
    </ClInclude>
    <ClInclude Include="Frameworks\SDL_system.h">
      <Filter>Frameworks</Filter>
    </ClInclude>
    <ClInclude Include="Frameworks\SDL_syswm.h">
      <Filter>Frameworks</Filter>
    </ClInclude>
    <ClInclude Include="Frameworks\SDL_test.h">
      <Filter>Frameworks</Filter>
    </ClInclude>
    <ClInclude Include="Frameworks\SDL_test_assert.h">
      <Filter>Frameworks</Filter>
    </ClInclude>
    <ClInclude Include="Frameworks\SDL_test_common.h">
      <Filter>Frameworks</Filter>
    </ClInclude>
    <ClInclude Include="Frameworks\SDL_test_compare.h">
      <Filter>Frameworks</Filter>
    </ClInclude>
    <ClInclude Include="Frameworks\SDL_test_crc32.h">
      <Filter>Frameworks</Filter>
    </ClInclude>
    <ClInclude Include="Frameworks\SDL_test_font.h">
      <Filter>Frameworks</Filter>
    </ClInclude>
    <ClInclude Include="Frameworks\SDL_test_fuzzer.h">
      <Filter>Frameworks</Filter>
    </ClInclude>
    <ClInclude Include="Frameworks\SDL_test_harness.h">
      <Filter>Frameworks</Filter>
    </ClInclude>
    <ClInclude Include="Frameworks\SDL_test_images.h">
      <Filter>Frameworks</Filter>
    </ClInclude>
    <ClInclude Include="Frameworks\SDL_test_log.h">
      <Filter>Frameworks</Filter>
    </ClInclude>
    <ClInclude Include="Frameworks\SDL_test_md5.h">
      <Filter>Frameworks</Filter>
    </ClInclude>
    <ClInclude Include="Frameworks\SDL_test_memory.h">
      <Filter>Frameworks</Filter>
    </ClInclude>
    <ClInclude Include="Frameworks\SDL_test_random.h">
      <Filter>Frameworks</Filter>
    </ClInclude>
    <ClInclude Include="Frameworks\SDL_thread.h">
      <Filter>Frameworks</Filter>
    </ClInclude>
    <ClInclude Include="Frameworks\SDL_timer.h">
      <Filter>Frameworks</Filter>
    </ClInclude>
    <ClInclude Include="Frameworks\SDL_touch.h">
      <Filter>Frameworks</Filter>
    </ClInclude>
    <ClInclude Include="Frameworks\SDL_types.h">
      <Filter>Frameworks</Filter>
    </ClInclude>
    <ClInclude Include="Frameworks\SDL_version.h">
      <Filter>Frameworks</Filter>
    </ClInclude>
    <ClInclude Include="Frameworks\SDL_video.h">
      <Filter>Frameworks</Filter>
    </ClInclude>
    <ClInclude Include="Frameworks\SDL_vulkan.h">
      <Filter>Frameworks</Filter>
    </ClInclude>
    <ClInclude Include="Frameworks\begin_code.h">
      <Filter>Frameworks</Filter>
    </ClInclude>
    <ClInclude Include="Frameworks\close_code.h">
      <Filter>Frameworks</Filter>
    </ClInclude>
    <ClInclude Include="Frameworks\SDL.h">
      <Filter>Frameworks</Filter>
    </ClInclude>
    <ClInclude Include="Frameworks\SDL_assert.h">
      <Filter>Frameworks</Filter>
    </ClInclude>
    <ClInclude Include="Frameworks\SDL_atomic.h">
      <Filter>Frameworks</Filter>
    </ClInclude>
    <ClInclude Include="Frameworks\SDL_audio.h">
      <Filter>Frameworks</Filter>
    </ClInclude>
    <ClInclude Include="Frameworks\SDL_bits.h">
      <Filter>Frameworks</Filter>
    </ClInclude>
    <ClInclude Include="Frameworks\SDL_blendmode.h">
      <Filter>Frameworks</Filter>
    </ClInclude>
    <ClInclude Include="Frameworks\SDL_clipboard.h">
      <Filter>Frameworks</Filter>
    </ClInclude>
    <ClInclude Include="Frameworks\SDL_config.h">
      <Filter>Frameworks</Filter>
    </ClInclude>
    <ClInclude Include="GameEngine\TextureManager.h">
      <Filter>GameEngine</Filter>
    </ClInclude>
    <ClInclude Include="GameEngine\GameObject.h">
      <Filter>GameEngine</Filter>
    </ClInclude>
    <ClInclude Include="GameEngine\Map.h">
      <Filter>GameEngine</Filter>
    </ClInclude>
    <ClInclude Include="GameEngine\ECS\Components.h">
      <Filter>GameEngine\ECS</Filter>
    </ClInclude>
    <ClInclude Include="GameEngine\ECS\ECS.h">
      <Filter>GameEngine\ECS</Filter>
    </ClInclude>
    <ClInclude Include="GameEngine\ECS\SpriteComponent.h">
      <Filter>GameEngine\ECS</Filter>
    </ClInclude>
    <ClInclude Include="GameEngine\ECS\TransformComponent.h">
      <Filter>GameEngine\ECS</Filter>
    </ClInclude>
    <ClInclude Include="GameEngine\Vector2D.h">
      <Filter>GameEngine</Filter>
    </ClInclude>
    <ClInclude Include="GameEngine\ECS\KeyboardController.h">
      <Filter>GameEngine\ECS</Filter>
    </ClInclude>
    <ClInclude Include="GameEngine\ECS\ColliderComponent.h">
      <Filter>GameEngine\ECS</Filter>
    </ClInclude>
    <ClInclude Include="GameEngine\Collision.h">
      <Filter>GameEngine</Filter>
    </ClInclude>
    <ClInclude Include="GameEngine\ECS\TileComponent.h">
      <Filter>GameEngine\ECS</Filter>
    </ClInclude>
    <ClInclude Include="GameEngine\ECS\Animation.h">
      <Filter>GameEngine\ECS</Filter>
    </ClInclude>
    <ClInclude Include="GameEngine\AssetManager.h">
      <Filter>GameEngine</Filter>
    </ClInclude>
    <ClInclude Include="GameEngine\ECS\ProjectileComponent.h">
      <Filter>GameEngine\ECS</Filter>
    </ClInclude>
    <ClInclude Include="Frameworks\SDL_ttf.h">
      <Filter>Frameworks</Filter>
    </ClInclude>
    <ClInclude Include="GameEngine\ECS\UILabel.h">
      <Filter>GameEngine\ECS</Filter>
    </ClInclude>
    <ClInclude Include="GameEngine\Tile.h">
      <Filter>GameEngine</Filter>
    </ClInclude>
    <ClInclude Include="GameEngine\Grid.h">
      <Filter>GameEngine</Filter>
    </ClInclude>
    <ClInclude Include="GameEngine\Pathfinding.h">
      <Filter>GameEngine</Filter>
    </ClInclude>
    <ClInclude Include="Combat\combat.h">
      <Filter>Combat</Filter>
    </ClInclude>
    <ClInclude Include="GameEngine\ECS\StatusComponent.h">
      <Filter>GameEngine\ECS</Filter>
    </ClInclude>
    <ClInclude Include="Combat\character.h">
      <Filter>Combat</Filter>
    </ClInclude>
    <ClInclude Include="GameEngine\Transition.h">
      <Filter>GameEngine</Filter>
    </ClInclude>
    <ClInclude Include="GameEngine\ECS\FightNight.h">
      <Filter>GameEngine\ECS</Filter>
    </ClInclude>
    <ClInclude Include="Combat\tile.h">
      <Filter>Combat</Filter>
    </ClInclude>
    <ClInclude Include="Combat\AI.h">
      <Filter>Combat</Filter>
    </ClInclude>
    <ClInclude Include="GameEngine\CombatFunctions.h">
      <Filter>GameEngine</Filter>
    </ClInclude>
    <ClInclude Include="GameEngine\ECS\EnemyBehaviour.h">
      <Filter>GameEngine\ECS</Filter>
    </ClInclude>
    <ClInclude Include="GameEngine\WorldState.h">
      <Filter>GameEngine</Filter>
    </ClInclude>
  </ItemGroup>
  <ItemGroup>
    <None Include="libjpeg-9.dll" />
    <None Include="zlib1.dll" />
    <None Include="SDL2_image.dll" />
    <None Include="libwebp-7.dll" />
    <None Include="libtiff-5.dll" />
    <None Include="libpng16-16.dll" />
    <None Include="SDL2.dll" />
    <None Include="Frameworks\SDL_config.h.cmake">
      <Filter>Frameworks</Filter>
    </None>
    <None Include="Frameworks\SDL_config.h.in">
      <Filter>Frameworks</Filter>
    </None>
    <None Include="Frameworks\SDL_config_macosx.h.orig">
      <Filter>Frameworks</Filter>
    </None>
    <None Include="SDL2_ttf.dll" />
    <None Include="assets\testMap.map">
      <Filter>assets</Filter>
    </None>
    <None Include="assets\testMap2.map">
      <Filter>assets</Filter>
    </None>
    <None Include="assets\cave.map">
      <Filter>assets</Filter>
    </None>
    <None Include="assets\overworld.map">
      <Filter>assets</Filter>
    </None>
  </ItemGroup>
  <ItemGroup>
    <ClCompile Include="GameEngine\Game.cpp">
      <Filter>GameEngine</Filter>
    </ClCompile>
    <ClCompile Include="GameEngine\main.cpp">
      <Filter>GameEngine</Filter>
    </ClCompile>
    <ClCompile Include="GameEngine\TextureManager.cpp">
      <Filter>GameEngine</Filter>
    </ClCompile>
    <ClCompile Include="GameEngine\GameObject.cpp">
      <Filter>GameEngine</Filter>
    </ClCompile>
    <ClCompile Include="GameEngine\Map.cpp">
      <Filter>GameEngine</Filter>
    </ClCompile>
    <ClCompile Include="GameEngine\Vector2D.cpp">
      <Filter>GameEngine</Filter>
    </ClCompile>
    <ClCompile Include="GameEngine\Collision.cpp">
      <Filter>GameEngine</Filter>
    </ClCompile>
    <ClCompile Include="GameEngine\ECS\ECS.cpp">
      <Filter>GameEngine\ECS</Filter>
    </ClCompile>
    <ClCompile Include="GameEngine\AssetManager.cpp">
      <Filter>GameEngine</Filter>
    </ClCompile>
    <ClCompile Include="Combat\combat.cpp">
      <Filter>Combat</Filter>
    </ClCompile>
  </ItemGroup>
  <ItemGroup>
    <Library Include="SDL2main.lib" />
    <Library Include="SDL2test.lib" />
    <Library Include="SDL2.lib" />
    <Library Include="SDL2_ttf.lib" />
    <Library Include="..\..\..\..\..\..\vs libraries\SDL2_image-2.0.5\lib\x64\SDL2_image.lib" />
  </ItemGroup>
  <ItemGroup>
    <Image Include="assets\cleric_spritesheet.png">
      <Filter>assets</Filter>
    </Image>
    <Image Include="assets\flameball.png">
      <Filter>assets</Filter>
    </Image>
    <Image Include="assets\Map_tile_123.png">
      <Filter>assets</Filter>
    </Image>
    <Image Include="assets\cave.png">
      <Filter>assets</Filter>
    </Image>
    <Image Include="assets\ranger_spritesheet.png">
      <Filter>assets</Filter>
    </Image>
    <Image Include="assets\wizard_spritesheet.png">
      <Filter>assets</Filter>
    </Image>
    <Image Include="assets\blinds.png">
      <Filter>assets</Filter>
    </Image>
    <Image Include="D:\Desktop\eyes.png">
      <Filter>assets</Filter>
    </Image>
    <Image Include="assets\underground_battle.png">
      <Filter>assets</Filter>
    </Image>
    <Image Include="assets\spoopy_spritesheet.png">
      <Filter>assets</Filter>
    </Image>
    <Image Include="assets\overworld.png">
      <Filter>assets</Filter>
    </Image>
    <Image Include="assets\wipe.png">
      <Filter>assets</Filter>
    </Image>
  </ItemGroup>
  <ItemGroup>
    <Font Include="assets\Pixellari.ttf">
      <Filter>assets</Filter>
    </Font>
  </ItemGroup>
</Project>